
Microsoft Visual Studio Solution File, Format Version 12.00
# Visual Studio 2012
Project("{FAE04EC0-301F-11D3-BF4B-00C04F79EFBC}") = "appnexustest", "appnexustest\appnexustest.csproj", "{AEC66C46-5B81-4D4F-A165-64843A72C083}"
EndProject
Project("{FAE04EC0-301F-11D3-BF4B-00C04F79EFBC}") = "AppNexusBindingsIOS", "AppNexusBindingsIOS\AppNexusBindingsIOS.csproj", "{C0A7119E-C13C-45F6-A686-6828F68E66E8}"
EndProject
Global
	GlobalSection(SolutionConfigurationPlatforms) = preSolution
		Debug|Any CPU = Debug|Any CPU
		Release|Any CPU = Release|Any CPU
		Debug|iPhoneSimulator = Debug|iPhoneSimulator
		Release|iPhone = Release|iPhone
		Release|iPhoneSimulator = Release|iPhoneSimulator
		Debug|iPhone = Debug|iPhone
	EndGlobalSection
	GlobalSection(ProjectConfigurationPlatforms) = postSolution
		{AEC66C46-5B81-4D4F-A165-64843A72C083}.Debug|Any CPU.ActiveCfg = Debug|iPhoneSimulator
		{AEC66C46-5B81-4D4F-A165-64843A72C083}.Debug|Any CPU.Build.0 = Debug|iPhoneSimulator
		{AEC66C46-5B81-4D4F-A165-64843A72C083}.Release|Any CPU.ActiveCfg = Release|iPhone
		{AEC66C46-5B81-4D4F-A165-64843A72C083}.Release|Any CPU.Build.0 = Release|iPhone
		{AEC66C46-5B81-4D4F-A165-64843A72C083}.Debug|iPhoneSimulator.ActiveCfg = Debug|iPhoneSimulator
		{AEC66C46-5B81-4D4F-A165-64843A72C083}.Debug|iPhoneSimulator.Build.0 = Debug|iPhoneSimulator
		{AEC66C46-5B81-4D4F-A165-64843A72C083}.Release|iPhone.ActiveCfg = Release|iPhone
		{AEC66C46-5B81-4D4F-A165-64843A72C083}.Release|iPhone.Build.0 = Release|iPhone
		{AEC66C46-5B81-4D4F-A165-64843A72C083}.Release|iPhoneSimulator.ActiveCfg = Release|iPhoneSimulator
		{AEC66C46-5B81-4D4F-A165-64843A72C083}.Release|iPhoneSimulator.Build.0 = Release|iPhoneSimulator
		{AEC66C46-5B81-4D4F-A165-64843A72C083}.Debug|iPhone.ActiveCfg = Debug|iPhone
		{AEC66C46-5B81-4D4F-A165-64843A72C083}.Debug|iPhone.Build.0 = Debug|iPhone
		{C0A7119E-C13C-45F6-A686-6828F68E66E8}.Debug|Any CPU.ActiveCfg = Debug|Any CPU
		{C0A7119E-C13C-45F6-A686-6828F68E66E8}.Debug|Any CPU.Build.0 = Debug|Any CPU
		{C0A7119E-C13C-45F6-A686-6828F68E66E8}.Release|Any CPU.ActiveCfg = Release|Any CPU
		{C0A7119E-C13C-45F6-A686-6828F68E66E8}.Release|Any CPU.Build.0 = Release|Any CPU
		{C0A7119E-C13C-45F6-A686-6828F68E66E8}.Debug|iPhoneSimulator.ActiveCfg = Debug|Any CPU
		{C0A7119E-C13C-45F6-A686-6828F68E66E8}.Debug|iPhoneSimulator.Build.0 = Debug|Any CPU
		{C0A7119E-C13C-45F6-A686-6828F68E66E8}.Release|iPhone.ActiveCfg = Release|Any CPU
		{C0A7119E-C13C-45F6-A686-6828F68E66E8}.Release|iPhone.Build.0 = Release|Any CPU
		{C0A7119E-C13C-45F6-A686-6828F68E66E8}.Release|iPhoneSimulator.ActiveCfg = Release|Any CPU
		{C0A7119E-C13C-45F6-A686-6828F68E66E8}.Release|iPhoneSimulator.Build.0 = Release|Any CPU
		{C0A7119E-C13C-45F6-A686-6828F68E66E8}.Debug|iPhone.ActiveCfg = Debug|Any CPU
		{C0A7119E-C13C-45F6-A686-6828F68E66E8}.Debug|iPhone.Build.0 = Debug|Any CPU
	EndGlobalSection
EndGlobal
